
Microsoft Visual Studio Solution File, Format Version 12.00
# Visual Studio Version 17
VisualStudioVersion = 17.5.33516.290
MinimumVisualStudioVersion = 10.0.40219.1
Project("{FAE04EC0-301F-11D3-BF4B-00C04F79EFBC}") = "MMH", "MMH\MMH.csproj", "{15C9FFF7-A255-4E8D-BD50-834D5A405A50}"
EndProject
Global
	GlobalSection(SolutionConfigurationPlatforms) = preSolution
		Debug|Any CPU = Debug|Any CPU
		Release|Any CPU = Release|Any CPU
	EndGlobalSection
	GlobalSection(ProjectConfigurationPlatforms) = postSolution
		{15C9FFF7-A255-4E8D-BD50-834D5A405A50}.Debug|Any CPU.ActiveCfg = Debug|Any CPU
		{15C9FFF7-A255-4E8D-BD50-834D5A405A50}.Debug|Any CPU.Build.0 = Debug|Any CPU
		{15C9FFF7-A255-4E8D-BD50-834D5A405A50}.Release|Any CPU.ActiveCfg = Release|Any CPU
		{15C9FFF7-A255-4E8D-BD50-834D5A405A50}.Release|Any CPU.Build.0 = Release|Any CPU
	EndGlobalSection
	GlobalSection(SolutionProperties) = preSolution
		HideSolutionNode = FALSE
	EndGlobalSection
	GlobalSection(ExtensibilityGlobals) = postSolution
		SolutionGuid = {BF349052-BB0A-422E-A3C1-A8EB0C3527DE}
	EndGlobalSection
EndGlobal
